
Microsoft Visual Studio Solution File, Format Version 12.00
# Visual Studio 15
VisualStudioVersion = 15.0.26730.10
MinimumVisualStudioVersion = 10.0.40219.1
Project("{FAE04EC0-301F-11D3-BF4B-00C04F79EFBC}") = "WebdavSync", "WebdavSync\WebdavSync.csproj", "{E38E6AC1-421E-42A6-9C24-34E18A727571}"
EndProject
Global
	GlobalSection(SolutionConfigurationPlatforms) = preSolution
		Debug|Any CPU = Debug|Any CPU
		Release|Any CPU = Release|Any CPU
	EndGlobalSection
	GlobalSection(ProjectConfigurationPlatforms) = postSolution
		{E38E6AC1-421E-42A6-9C24-34E18A727571}.Debug|Any CPU.ActiveCfg = Debug|Any CPU
		{E38E6AC1-421E-42A6-9C24-34E18A727571}.Debug|Any CPU.Build.0 = Debug|Any CPU
		{E38E6AC1-421E-42A6-9C24-34E18A727571}.Release|Any CPU.ActiveCfg = Release|Any CPU
		{E38E6AC1-421E-42A6-9C24-34E18A727571}.Release|Any CPU.Build.0 = Release|Any CPU
	EndGlobalSection
	GlobalSection(SolutionProperties) = preSolution
		HideSolutionNode = FALSE
	EndGlobalSection
	GlobalSection(ExtensibilityGlobals) = postSolution
		SolutionGuid = {98B28BCE-8EEF-45F8-8009-623DAF3F0857}
	EndGlobalSection
EndGlobal
